
Microsoft Visual Studio Solution File, Format Version 12.00
# Visual Studio Version 16
Project("{8BC9CEB8-8B4A-11D0-8D11-00A0C91BC942}") = "ALL_BUILD", "ALL_BUILD.vcxproj", "{4A984493-EBC7-3AC0-8D0D-A720DFFCF040}"
	ProjectSection(ProjectDependencies) = postProject
		{AC06F159-60F3-3879-B06C-1B8995F8DA6A} = {AC06F159-60F3-3879-B06C-1B8995F8DA6A}
		{7F018960-E0AD-375C-806E-BD3FC23FAC0A} = {7F018960-E0AD-375C-806E-BD3FC23FAC0A}
	EndProjectSection
EndProject
Project("{8BC9CEB8-8B4A-11D0-8D11-00A0C91BC942}") = "CommonLibSSE", "CommonLibSSE.vcxproj", "{AC06F159-60F3-3879-B06C-1B8995F8DA6A}"
	ProjectSection(ProjectDependencies) = postProject
		{7F018960-E0AD-375C-806E-BD3FC23FAC0A} = {7F018960-E0AD-375C-806E-BD3FC23FAC0A}
	EndProjectSection
EndProject
Project("{8BC9CEB8-8B4A-11D0-8D11-00A0C91BC942}") = "INSTALL", "INSTALL.vcxproj", "{6BC7091F-C7AA-38E5-9B47-C14339EB70F0}"
	ProjectSection(ProjectDependencies) = postProject
		{4A984493-EBC7-3AC0-8D0D-A720DFFCF040} = {4A984493-EBC7-3AC0-8D0D-A720DFFCF040}
		{7F018960-E0AD-375C-806E-BD3FC23FAC0A} = {7F018960-E0AD-375C-806E-BD3FC23FAC0A}
	EndProjectSection
EndProject
Project("{8BC9CEB8-8B4A-11D0-8D11-00A0C91BC942}") = "ZERO_CHECK", "..\\ZERO_CHECK.vcxproj", "{7F018960-E0AD-375C-806E-BD3FC23FAC0A}"
	ProjectSection(ProjectDependencies) = postProject
	EndProjectSection
EndProject
Global
	GlobalSection(SolutionConfigurationPlatforms) = preSolution
		Debug|x64 = Debug|x64
		Release|x64 = Release|x64
		MinSizeRel|x64 = MinSizeRel|x64
		RelWithDebInfo|x64 = RelWithDebInfo|x64
	EndGlobalSection
	GlobalSection(ProjectConfigurationPlatforms) = postSolution
		{4A984493-EBC7-3AC0-8D0D-A720DFFCF040}.Debug|x64.ActiveCfg = Debug|x64
		{4A984493-EBC7-3AC0-8D0D-A720DFFCF040}.Debug|x64.Build.0 = Debug|x64
		{4A984493-EBC7-3AC0-8D0D-A720DFFCF040}.Release|x64.ActiveCfg = Release|x64
		{4A984493-EBC7-3AC0-8D0D-A720DFFCF040}.Release|x64.Build.0 = Release|x64
		{4A984493-EBC7-3AC0-8D0D-A720DFFCF040}.MinSizeRel|x64.ActiveCfg = MinSizeRel|x64
		{4A984493-EBC7-3AC0-8D0D-A720DFFCF040}.MinSizeRel|x64.Build.0 = MinSizeRel|x64
		{4A984493-EBC7-3AC0-8D0D-A720DFFCF040}.RelWithDebInfo|x64.ActiveCfg = RelWithDebInfo|x64
		{4A984493-EBC7-3AC0-8D0D-A720DFFCF040}.RelWithDebInfo|x64.Build.0 = RelWithDebInfo|x64
		{AC06F159-60F3-3879-B06C-1B8995F8DA6A}.Debug|x64.ActiveCfg = Debug|x64
		{AC06F159-60F3-3879-B06C-1B8995F8DA6A}.Debug|x64.Build.0 = Debug|x64
		{AC06F159-60F3-3879-B06C-1B8995F8DA6A}.Release|x64.ActiveCfg = Release|x64
		{AC06F159-60F3-3879-B06C-1B8995F8DA6A}.Release|x64.Build.0 = Release|x64
		{AC06F159-60F3-3879-B06C-1B8995F8DA6A}.MinSizeRel|x64.ActiveCfg = MinSizeRel|x64
		{AC06F159-60F3-3879-B06C-1B8995F8DA6A}.MinSizeRel|x64.Build.0 = MinSizeRel|x64
		{AC06F159-60F3-3879-B06C-1B8995F8DA6A}.RelWithDebInfo|x64.ActiveCfg = RelWithDebInfo|x64
		{AC06F159-60F3-3879-B06C-1B8995F8DA6A}.RelWithDebInfo|x64.Build.0 = RelWithDebInfo|x64
		{6BC7091F-C7AA-38E5-9B47-C14339EB70F0}.Debug|x64.ActiveCfg = Debug|x64
		{6BC7091F-C7AA-38E5-9B47-C14339EB70F0}.Release|x64.ActiveCfg = Release|x64
		{6BC7091F-C7AA-38E5-9B47-C14339EB70F0}.MinSizeRel|x64.ActiveCfg = MinSizeRel|x64
		{6BC7091F-C7AA-38E5-9B47-C14339EB70F0}.RelWithDebInfo|x64.ActiveCfg = RelWithDebInfo|x64
		{7F018960-E0AD-375C-806E-BD3FC23FAC0A}.Debug|x64.ActiveCfg = Debug|x64
		{7F018960-E0AD-375C-806E-BD3FC23FAC0A}.Debug|x64.Build.0 = Debug|x64
		{7F018960-E0AD-375C-806E-BD3FC23FAC0A}.Release|x64.ActiveCfg = Release|x64
		{7F018960-E0AD-375C-806E-BD3FC23FAC0A}.Release|x64.Build.0 = Release|x64
		{7F018960-E0AD-375C-806E-BD3FC23FAC0A}.MinSizeRel|x64.ActiveCfg = MinSizeRel|x64
		{7F018960-E0AD-375C-806E-BD3FC23FAC0A}.MinSizeRel|x64.Build.0 = MinSizeRel|x64
		{7F018960-E0AD-375C-806E-BD3FC23FAC0A}.RelWithDebInfo|x64.ActiveCfg = RelWithDebInfo|x64
		{7F018960-E0AD-375C-806E-BD3FC23FAC0A}.RelWithDebInfo|x64.Build.0 = RelWithDebInfo|x64
	EndGlobalSection
	GlobalSection(ExtensibilityGlobals) = postSolution
		SolutionGuid = {611EDCDF-6D1F-36C9-AD2A-610DDB98F5DD}
	EndGlobalSection
	GlobalSection(ExtensibilityAddIns) = postSolution
	EndGlobalSection
EndGlobal
